
Microsoft Visual Studio Solution File, Format Version 12.00
# Visual Studio Version 16
VisualStudioVersion = 16.0.28711.60
MinimumVisualStudioVersion = 10.0.40219.1
Project("{8BC9CEB8-8B4A-11D0-8D11-00A0C91BC942}") = "MediaPlayer", "Cpp\MediaPlayer\MediaPlayer.vcxproj", "{2AEF559B-3402-478D-BFFD-CA634B0FEAC6}"
EndProject
Project("{8BC9CEB8-8B4A-11D0-8D11-00A0C91BC942}") = "WebView", "Cpp\WebView\WebView.vcxproj", "{8C4C42E4-3F6D-4A76-8927-1152B0B06ACB}"
EndProject
Project("{8BC9CEB8-8B4A-11D0-8D11-00A0C91BC942}") = "ImageView", "Cpp\ImageView\ImageView.vcxproj", "{02D7E241-378D-4261-87F3-1B185DD16000}"
EndProject
Global
	GlobalSection(SolutionConfigurationPlatforms) = preSolution
		Debug|ARM = Debug|ARM
		Debug|ARM64 = Debug|ARM64
		Debug|x64 = Debug|x64
		Debug|x86 = Debug|x86
		Release|ARM = Release|ARM
		Release|ARM64 = Release|ARM64
		Release|x64 = Release|x64
		Release|x86 = Release|x86
	EndGlobalSection
	GlobalSection(ProjectConfigurationPlatforms) = postSolution
		{2AEF559B-3402-478D-BFFD-CA634B0FEAC6}.Debug|ARM.ActiveCfg = Debug|ARM
		{2AEF559B-3402-478D-BFFD-CA634B0FEAC6}.Debug|ARM.Build.0 = Debug|ARM
		{2AEF559B-3402-478D-BFFD-CA634B0FEAC6}.Debug|ARM.Deploy.0 = Debug|ARM
		{2AEF559B-3402-478D-BFFD-CA634B0FEAC6}.Debug|ARM64.ActiveCfg = Debug|ARM64
		{2AEF559B-3402-478D-BFFD-CA634B0FEAC6}.Debug|ARM64.Build.0 = Debug|ARM64
		{2AEF559B-3402-478D-BFFD-CA634B0FEAC6}.Debug|ARM64.Deploy.0 = Debug|ARM64
		{2AEF559B-3402-478D-BFFD-CA634B0FEAC6}.Debug|x64.ActiveCfg = Debug|x64
		{2AEF559B-3402-478D-BFFD-CA634B0FEAC6}.Debug|x64.Build.0 = Debug|x64
		{2AEF559B-3402-478D-BFFD-CA634B0FEAC6}.Debug|x64.Deploy.0 = Debug|x64
		{2AEF559B-3402-478D-BFFD-CA634B0FEAC6}.Debug|x86.ActiveCfg = Debug|Win32
		{2AEF559B-3402-478D-BFFD-CA634B0FEAC6}.Debug|x86.Build.0 = Debug|Win32
		{2AEF559B-3402-478D-BFFD-CA634B0FEAC6}.Debug|x86.Deploy.0 = Debug|Win32
		{2AEF559B-3402-478D-BFFD-CA634B0FEAC6}.Release|ARM.ActiveCfg = Release|ARM
		{2AEF559B-3402-478D-BFFD-CA634B0FEAC6}.Release|ARM.Build.0 = Release|ARM
		{2AEF559B-3402-478D-BFFD-CA634B0FEAC6}.Release|ARM.Deploy.0 = Release|ARM
		{2AEF559B-3402-478D-BFFD-CA634B0FEAC6}.Release|ARM64.ActiveCfg = Release|ARM64
		{2AEF559B-3402-478D-BFFD-CA634B0FEAC6}.Release|ARM64.Build.0 = Release|ARM64
		{2AEF559B-3402-478D-BFFD-CA634B0FEAC6}.Release|ARM64.Deploy.0 = Release|ARM64
		{2AEF559B-3402-478D-BFFD-CA634B0FEAC6}.Release|x64.ActiveCfg = Release|x64
		{2AEF559B-3402-478D-BFFD-CA634B0FEAC6}.Release|x64.Build.0 = Release|x64
		{2AEF559B-3402-478D-BFFD-CA634B0FEAC6}.Release|x64.Deploy.0 = Release|x64
		{2AEF559B-3402-478D-BFFD-CA634B0FEAC6}.Release|x86.ActiveCfg = Release|Win32
		{2AEF559B-3402-478D-BFFD-CA634B0FEAC6}.Release|x86.Build.0 = Release|Win32
		{2AEF559B-3402-478D-BFFD-CA634B0FEAC6}.Release|x86.Deploy.0 = Release|Win32
		{8C4C42E4-3F6D-4A76-8927-1152B0B06ACB}.Debug|ARM.ActiveCfg = Debug|ARM
		{8C4C42E4-3F6D-4A76-8927-1152B0B06ACB}.Debug|ARM.Build.0 = Debug|ARM
		{8C4C42E4-3F6D-4A76-8927-1152B0B06ACB}.Debug|ARM.Deploy.0 = Debug|ARM
		{8C4C42E4-3F6D-4A76-8927-1152B0B06ACB}.Debug|ARM64.ActiveCfg = Debug|ARM64
		{8C4C42E4-3F6D-4A76-8927-1152B0B06ACB}.Debug|ARM64.Build.0 = Debug|ARM64
		{8C4C42E4-3F6D-4A76-8927-1152B0B06ACB}.Debug|ARM64.Deploy.0 = Debug|ARM64
		{8C4C42E4-3F6D-4A76-8927-1152B0B06ACB}.Debug|x64.ActiveCfg = Debug|x64
		{8C4C42E4-3F6D-4A76-8927-1152B0B06ACB}.Debug|x64.Build.0 = Debug|x64
		{8C4C42E4-3F6D-4A76-8927-1152B0B06ACB}.Debug|x64.Deploy.0 = Debug|x64
		{8C4C42E4-3F6D-4A76-8927-1152B0B06ACB}.Debug|x86.ActiveCfg = Debug|Win32
		{8C4C42E4-3F6D-4A76-8927-1152B0B06ACB}.Debug|x86.Build.0 = Debug|Win32
		{8C4C42E4-3F6D-4A76-8927-1152B0B06ACB}.Debug|x86.Deploy.0 = Debug|Win32
		{8C4C42E4-3F6D-4A76-8927-1152B0B06ACB}.Release|ARM.ActiveCfg = Release|ARM
		{8C4C42E4-3F6D-4A76-8927-1152B0B06ACB}.Release|ARM.Build.0 = Release|ARM
		{8C4C42E4-3F6D-4A76-8927-1152B0B06ACB}.Release|ARM.Deploy.0 = Release|ARM
		{8C4C42E4-3F6D-4A76-8927-1152B0B06ACB}.Release|ARM64.ActiveCfg = Release|ARM64
		{8C4C42E4-3F6D-4A76-8927-1152B0B06ACB}.Release|ARM64.Build.0 = Release|ARM64
		{8C4C42E4-3F6D-4A76-8927-1152B0B06ACB}.Release|ARM64.Deploy.0 = Release|ARM64
		{8C4C42E4-3F6D-4A76-8927-1152B0B06ACB}.Release|x64.ActiveCfg = Release|x64
		{8C4C42E4-3F6D-4A76-8927-1152B0B06ACB}.Release|x64.Build.0 = Release|x64
		{8C4C42E4-3F6D-4A76-8927-1152B0B06ACB}.Release|x64.Deploy.0 = Release|x64
		{8C4C42E4-3F6D-4A76-8927-1152B0B06ACB}.Release|x86.ActiveCfg = Release|Win32
		{8C4C42E4-3F6D-4A76-8927-1152B0B06ACB}.Release|x86.Build.0 = Release|Win32
		{8C4C42E4-3F6D-4A76-8927-1152B0B06ACB}.Release|x86.Deploy.0 = Release|Win32
		{02D7E241-378D-4261-87F3-1B185DD16000}.Debug|ARM.ActiveCfg = Debug|ARM
		{02D7E241-378D-4261-87F3-1B185DD16000}.Debug|ARM.Build.0 = Debug|ARM
		{02D7E241-378D-4261-87F3-1B185DD16000}.Debug|ARM.Deploy.0 = Debug|ARM
		{02D7E241-378D-4261-87F3-1B185DD16000}.Debug|ARM64.ActiveCfg = Debug|ARM64
		{02D7E241-378D-4261-87F3-1B185DD16000}.Debug|ARM64.Build.0 = Debug|ARM64
		{02D7E241-378D-4261-87F3-1B185DD16000}.Debug|ARM64.Deploy.0 = Debug|ARM64
		{02D7E241-378D-4261-87F3-1B185DD16000}.Debug|x64.ActiveCfg = Debug|x64
		{02D7E241-378D-4261-87F3-1B185DD16000}.Debug|x64.Build.0 = Debug|x64
		{02D7E241-378D-4261-87F3-1B185DD16000}.Debug|x64.Deploy.0 = Debug|x64
		{02D7E241-378D-4261-87F3-1B185DD16000}.Debug|x86.ActiveCfg = Debug|Win32
		{02D7E241-378D-4261-87F3-1B185DD16000}.Debug|x86.Build.0 = Debug|Win32
		{02D7E241-378D-4261-87F3-1B185DD16000}.Debug|x86.Deploy.0 = Debug|Win32
		{02D7E241-378D-4261-87F3-1B185DD16000}.Release|ARM.ActiveCfg = Release|ARM
		{02D7E241-378D-4261-87F3-1B185DD16000}.Release|ARM.Build.0 = Release|ARM
		{02D7E241-378D-4261-87F3-1B185DD16000}.Release|ARM.Deploy.0 = Release|ARM
		{02D7E241-378D-4261-87F3-1B185DD16000}.Release|ARM64.ActiveCfg = Release|ARM64
		{02D7E241-378D-4261-87F3-1B185DD16000}.Release|ARM64.Build.0 = Release|ARM64
		{02D7E241-378D-4261-87F3-1B185DD16000}.Release|ARM64.Deploy.0 = Release|ARM64
		{02D7E241-378D-4261-87F3-1B185DD16000}.Release|x64.ActiveCfg = Release|x64
		{02D7E241-378D-4261-87F3-1B185DD16000}.Release|x64.Build.0 = Release|x64
		{02D7E241-378D-4261-87F3-1B185DD16000}.Release|x64.Deploy.0 = Release|x64
		{02D7E241-378D-4261-87F3-1B185DD16000}.Release|x86.ActiveCfg = Release|Win32
		{02D7E241-378D-4261-87F3-1B185DD16000}.Release|x86.Build.0 = Release|Win32
		{02D7E241-378D-4261-87F3-1B185DD16000}.Release|x86.Deploy.0 = Release|Win32
	EndGlobalSection
	GlobalSection(SolutionProperties) = preSolution
		HideSolutionNode = FALSE
	EndGlobalSection
	GlobalSection(ExtensibilityGlobals) = postSolution
		SolutionGuid = {6DFF60F2-5051-444F-96B1-BFA2958FE98B}
	EndGlobalSection
EndGlobal
