
Microsoft Visual Studio Solution File, Format Version 12.00
# Visual Studio Version 16
VisualStudioVersion = 16.0.29001.49
MinimumVisualStudioVersion = 10.0.40219.1
Project("{8BC9CEB8-8B4A-11D0-8D11-00A0C91BC942}") = "ImageView", "ImageView.vcxproj", "{02D7E241-378D-4261-87F3-1B185DD16000}"
EndProject
Global
	GlobalSection(SolutionConfigurationPlatforms) = preSolution
		Debug|ARM = Debug|ARM
		Debug|ARM64 = Debug|ARM64
		Debug|x64 = Debug|x64
		Debug|x86 = Debug|x86
		Release|ARM = Release|ARM
		Release|ARM64 = Release|ARM64
		Release|x64 = Release|x64
		Release|x86 = Release|x86
	EndGlobalSection
	GlobalSection(ProjectConfigurationPlatforms) = postSolution
		{02D7E241-378D-4261-87F3-1B185DD16000}.Debug|ARM.ActiveCfg = Debug|ARM
		{02D7E241-378D-4261-87F3-1B185DD16000}.Debug|ARM.Build.0 = Debug|ARM
		{02D7E241-378D-4261-87F3-1B185DD16000}.Debug|ARM.Deploy.0 = Debug|ARM
		{02D7E241-378D-4261-87F3-1B185DD16000}.Debug|ARM64.ActiveCfg = Debug|ARM64
		{02D7E241-378D-4261-87F3-1B185DD16000}.Debug|ARM64.Build.0 = Debug|ARM64
		{02D7E241-378D-4261-87F3-1B185DD16000}.Debug|ARM64.Deploy.0 = Debug|ARM64
		{02D7E241-378D-4261-87F3-1B185DD16000}.Debug|x64.ActiveCfg = Debug|x64
		{02D7E241-378D-4261-87F3-1B185DD16000}.Debug|x64.Build.0 = Debug|x64
		{02D7E241-378D-4261-87F3-1B185DD16000}.Debug|x64.Deploy.0 = Debug|x64
		{02D7E241-378D-4261-87F3-1B185DD16000}.Debug|x86.ActiveCfg = Debug|Win32
		{02D7E241-378D-4261-87F3-1B185DD16000}.Debug|x86.Build.0 = Debug|Win32
		{02D7E241-378D-4261-87F3-1B185DD16000}.Debug|x86.Deploy.0 = Debug|Win32
		{02D7E241-378D-4261-87F3-1B185DD16000}.Release|ARM.ActiveCfg = Release|ARM
		{02D7E241-378D-4261-87F3-1B185DD16000}.Release|ARM.Build.0 = Release|ARM
		{02D7E241-378D-4261-87F3-1B185DD16000}.Release|ARM.Deploy.0 = Release|ARM
		{02D7E241-378D-4261-87F3-1B185DD16000}.Release|ARM64.ActiveCfg = Release|ARM64
		{02D7E241-378D-4261-87F3-1B185DD16000}.Release|ARM64.Build.0 = Release|ARM64
		{02D7E241-378D-4261-87F3-1B185DD16000}.Release|ARM64.Deploy.0 = Release|ARM64
		{02D7E241-378D-4261-87F3-1B185DD16000}.Release|x64.ActiveCfg = Release|x64
		{02D7E241-378D-4261-87F3-1B185DD16000}.Release|x64.Build.0 = Release|x64
		{02D7E241-378D-4261-87F3-1B185DD16000}.Release|x64.Deploy.0 = Release|x64
		{02D7E241-378D-4261-87F3-1B185DD16000}.Release|x86.ActiveCfg = Release|Win32
		{02D7E241-378D-4261-87F3-1B185DD16000}.Release|x86.Build.0 = Release|Win32
		{02D7E241-378D-4261-87F3-1B185DD16000}.Release|x86.Deploy.0 = Release|Win32
	EndGlobalSection
	GlobalSection(SolutionProperties) = preSolution
		HideSolutionNode = FALSE
	EndGlobalSection
	GlobalSection(ExtensibilityGlobals) = postSolution
		SolutionGuid = {2B6C2F39-574E-4E06-AEEC-759E2DA76F61}
	EndGlobalSection
EndGlobal
